
Microsoft Visual Studio Solution File, Format Version 12.00
# Visual Studio Version 17
VisualStudioVersion = 17.11.35327.3
MinimumVisualStudioVersion = 10.0.40219.1
Project("{FAE04EC0-301F-11D3-BF4B-00C04F79EFBC}") = "Pattern1", "Pattern1\Pattern1.csproj", "{DA458187-ADE4-409D-84AC-6E3F4A8460E8}"
EndProject
Project("{FAE04EC0-301F-11D3-BF4B-00C04F79EFBC}") = "Pattern2", "Pattern2\Pattern2.csproj", "{5B9FE3F6-AFA8-4BED-AEAB-B8F1A1A5D38A}"
EndProject
Project("{FAE04EC0-301F-11D3-BF4B-00C04F79EFBC}") = "Pattern3", "Pattern\Pattern3.csproj", "{5AD98D8C-9C15-4803-8467-18E680B54E0E}"
EndProject
Project("{FAE04EC0-301F-11D3-BF4B-00C04F79EFBC}") = "Pattern4", "Pattern4\Pattern4.csproj", "{C04DADE7-3838-4455-B09C-EA13D4EF91AD}"
EndProject
Project("{FAE04EC0-301F-11D3-BF4B-00C04F79EFBC}") = "Pattern5", "ConsoleApp1\Pattern5.csproj", "{110CE5A9-9C62-4B9E-8696-969A17D271BE}"
EndProject
Project("{FAE04EC0-301F-11D3-BF4B-00C04F79EFBC}") = "Pattern6", "Pattern6\Pattern6.csproj", "{565D99CE-0EA2-4700-89CE-924AC07FDE51}"
EndProject
Project("{FAE04EC0-301F-11D3-BF4B-00C04F79EFBC}") = "Pattern7", "Pattern7\Pattern7.csproj", "{27DD4812-6830-4B80-94E1-E3F7F9A7266C}"
EndProject
Project("{FAE04EC0-301F-11D3-BF4B-00C04F79EFBC}") = "Pattern8", "Pattern8\Pattern8.csproj", "{619C2DC6-D08F-4B2E-96B8-33F97B5C672B}"
EndProject
Project("{FAE04EC0-301F-11D3-BF4B-00C04F79EFBC}") = "Pattern9", "Pattern9\Pattern9.csproj", "{EA143BAB-CA7D-4D1C-B9B0-7D5C4D89B2B8}"
EndProject
Project("{FAE04EC0-301F-11D3-BF4B-00C04F79EFBC}") = "Pattern10", "Pattern10\Pattern10.csproj", "{60DCB19E-EABB-4E5C-A136-8E617BADE697}"
EndProject
Project("{FAE04EC0-301F-11D3-BF4B-00C04F79EFBC}") = "Pattern11", "Pattern11\Pattern11.csproj", "{E022C09F-E08E-4082-A748-E3BE9EBF6E1D}"
EndProject
Project("{FAE04EC0-301F-11D3-BF4B-00C04F79EFBC}") = "Pattern12", "Pattern12\Pattern12.csproj", "{30F64BCE-6683-411E-9414-2B3E87814E07}"
EndProject
Global
	GlobalSection(SolutionConfigurationPlatforms) = preSolution
		Debug|Any CPU = Debug|Any CPU
		Release|Any CPU = Release|Any CPU
	EndGlobalSection
	GlobalSection(ProjectConfigurationPlatforms) = postSolution
		{DA458187-ADE4-409D-84AC-6E3F4A8460E8}.Debug|Any CPU.ActiveCfg = Debug|Any CPU
		{DA458187-ADE4-409D-84AC-6E3F4A8460E8}.Debug|Any CPU.Build.0 = Debug|Any CPU
		{DA458187-ADE4-409D-84AC-6E3F4A8460E8}.Release|Any CPU.ActiveCfg = Release|Any CPU
		{DA458187-ADE4-409D-84AC-6E3F4A8460E8}.Release|Any CPU.Build.0 = Release|Any CPU
		{5B9FE3F6-AFA8-4BED-AEAB-B8F1A1A5D38A}.Debug|Any CPU.ActiveCfg = Debug|Any CPU
		{5B9FE3F6-AFA8-4BED-AEAB-B8F1A1A5D38A}.Debug|Any CPU.Build.0 = Debug|Any CPU
		{5B9FE3F6-AFA8-4BED-AEAB-B8F1A1A5D38A}.Release|Any CPU.ActiveCfg = Release|Any CPU
		{5B9FE3F6-AFA8-4BED-AEAB-B8F1A1A5D38A}.Release|Any CPU.Build.0 = Release|Any CPU
		{5AD98D8C-9C15-4803-8467-18E680B54E0E}.Debug|Any CPU.ActiveCfg = Debug|Any CPU
		{5AD98D8C-9C15-4803-8467-18E680B54E0E}.Debug|Any CPU.Build.0 = Debug|Any CPU
		{5AD98D8C-9C15-4803-8467-18E680B54E0E}.Release|Any CPU.ActiveCfg = Release|Any CPU
		{5AD98D8C-9C15-4803-8467-18E680B54E0E}.Release|Any CPU.Build.0 = Release|Any CPU
		{C04DADE7-3838-4455-B09C-EA13D4EF91AD}.Debug|Any CPU.ActiveCfg = Debug|Any CPU
		{C04DADE7-3838-4455-B09C-EA13D4EF91AD}.Debug|Any CPU.Build.0 = Debug|Any CPU
		{C04DADE7-3838-4455-B09C-EA13D4EF91AD}.Release|Any CPU.ActiveCfg = Release|Any CPU
		{C04DADE7-3838-4455-B09C-EA13D4EF91AD}.Release|Any CPU.Build.0 = Release|Any CPU
		{110CE5A9-9C62-4B9E-8696-969A17D271BE}.Debug|Any CPU.ActiveCfg = Debug|Any CPU
		{110CE5A9-9C62-4B9E-8696-969A17D271BE}.Debug|Any CPU.Build.0 = Debug|Any CPU
		{110CE5A9-9C62-4B9E-8696-969A17D271BE}.Release|Any CPU.ActiveCfg = Release|Any CPU
		{110CE5A9-9C62-4B9E-8696-969A17D271BE}.Release|Any CPU.Build.0 = Release|Any CPU
		{565D99CE-0EA2-4700-89CE-924AC07FDE51}.Debug|Any CPU.ActiveCfg = Debug|Any CPU
		{565D99CE-0EA2-4700-89CE-924AC07FDE51}.Debug|Any CPU.Build.0 = Debug|Any CPU
		{565D99CE-0EA2-4700-89CE-924AC07FDE51}.Release|Any CPU.ActiveCfg = Release|Any CPU
		{565D99CE-0EA2-4700-89CE-924AC07FDE51}.Release|Any CPU.Build.0 = Release|Any CPU
		{27DD4812-6830-4B80-94E1-E3F7F9A7266C}.Debug|Any CPU.ActiveCfg = Debug|Any CPU
		{27DD4812-6830-4B80-94E1-E3F7F9A7266C}.Debug|Any CPU.Build.0 = Debug|Any CPU
		{27DD4812-6830-4B80-94E1-E3F7F9A7266C}.Release|Any CPU.ActiveCfg = Release|Any CPU
		{27DD4812-6830-4B80-94E1-E3F7F9A7266C}.Release|Any CPU.Build.0 = Release|Any CPU
		{619C2DC6-D08F-4B2E-96B8-33F97B5C672B}.Debug|Any CPU.ActiveCfg = Debug|Any CPU
		{619C2DC6-D08F-4B2E-96B8-33F97B5C672B}.Debug|Any CPU.Build.0 = Debug|Any CPU
		{619C2DC6-D08F-4B2E-96B8-33F97B5C672B}.Release|Any CPU.ActiveCfg = Release|Any CPU
		{619C2DC6-D08F-4B2E-96B8-33F97B5C672B}.Release|Any CPU.Build.0 = Release|Any CPU
		{EA143BAB-CA7D-4D1C-B9B0-7D5C4D89B2B8}.Debug|Any CPU.ActiveCfg = Debug|Any CPU
		{EA143BAB-CA7D-4D1C-B9B0-7D5C4D89B2B8}.Debug|Any CPU.Build.0 = Debug|Any CPU
		{EA143BAB-CA7D-4D1C-B9B0-7D5C4D89B2B8}.Release|Any CPU.ActiveCfg = Release|Any CPU
		{EA143BAB-CA7D-4D1C-B9B0-7D5C4D89B2B8}.Release|Any CPU.Build.0 = Release|Any CPU
		{60DCB19E-EABB-4E5C-A136-8E617BADE697}.Debug|Any CPU.ActiveCfg = Debug|Any CPU
		{60DCB19E-EABB-4E5C-A136-8E617BADE697}.Debug|Any CPU.Build.0 = Debug|Any CPU
		{60DCB19E-EABB-4E5C-A136-8E617BADE697}.Release|Any CPU.ActiveCfg = Release|Any CPU
		{60DCB19E-EABB-4E5C-A136-8E617BADE697}.Release|Any CPU.Build.0 = Release|Any CPU
		{E022C09F-E08E-4082-A748-E3BE9EBF6E1D}.Debug|Any CPU.ActiveCfg = Debug|Any CPU
		{E022C09F-E08E-4082-A748-E3BE9EBF6E1D}.Debug|Any CPU.Build.0 = Debug|Any CPU
		{E022C09F-E08E-4082-A748-E3BE9EBF6E1D}.Release|Any CPU.ActiveCfg = Release|Any CPU
		{E022C09F-E08E-4082-A748-E3BE9EBF6E1D}.Release|Any CPU.Build.0 = Release|Any CPU
		{30F64BCE-6683-411E-9414-2B3E87814E07}.Debug|Any CPU.ActiveCfg = Debug|Any CPU
		{30F64BCE-6683-411E-9414-2B3E87814E07}.Debug|Any CPU.Build.0 = Debug|Any CPU
		{30F64BCE-6683-411E-9414-2B3E87814E07}.Release|Any CPU.ActiveCfg = Release|Any CPU
		{30F64BCE-6683-411E-9414-2B3E87814E07}.Release|Any CPU.Build.0 = Release|Any CPU
	EndGlobalSection
	GlobalSection(SolutionProperties) = preSolution
		HideSolutionNode = FALSE
	EndGlobalSection
	GlobalSection(ExtensibilityGlobals) = postSolution
		SolutionGuid = {9F373A7D-D0EB-4AAF-A785-655C89D1A008}
	EndGlobalSection
EndGlobal
